
Microsoft Visual Studio Solution File, Format Version 12.00
# Visual Studio Version 17
VisualStudioVersion = 17.5.33516.290
MinimumVisualStudioVersion = 10.0.40219.1
Project("{9A19103F-16F7-4668-BE54-9A1E7A4F7556}") = "hello-world", "hello-world.csproj", "{2E238CA3-81BD-4B05-ACFD-F50785136CD8}"
EndProject
Global
	GlobalSection(SolutionConfigurationPlatforms) = preSolution
		Debug|Any CPU = Debug|Any CPU
		Release|Any CPU = Release|Any CPU
	EndGlobalSection
	GlobalSection(ProjectConfigurationPlatforms) = postSolution
		{2E238CA3-81BD-4B05-ACFD-F50785136CD8}.Debug|Any CPU.ActiveCfg = Debug|Any CPU
		{2E238CA3-81BD-4B05-ACFD-F50785136CD8}.Debug|Any CPU.Build.0 = Debug|Any CPU
		{2E238CA3-81BD-4B05-ACFD-F50785136CD8}.Release|Any CPU.ActiveCfg = Release|Any CPU
		{2E238CA3-81BD-4B05-ACFD-F50785136CD8}.Release|Any CPU.Build.0 = Release|Any CPU
	EndGlobalSection
	GlobalSection(SolutionProperties) = preSolution
		HideSolutionNode = FALSE
	EndGlobalSection
	GlobalSection(ExtensibilityGlobals) = postSolution
		SolutionGuid = {978BF975-C48C-4736-83DB-8FF18BE68871}
	EndGlobalSection
EndGlobal
